{
  "name": "public",
  "version": "1.0.0",
  "lockfileVersion": 1,
  "requires": true,
  "dependencies": {
    "amdefine": {
      "version": "1.0.1",
      "resolved": "http://npm.lizihang.com/amdefine/-/amdefine-1.0.1.tgz",
      "integrity": "sha1-SlKCrBZHKek2Gbz9OtFR+BfOkfU=",
      "dev": true
    },
    "async": {
      "version": "0.2.10",
      "resolved": "http://npm.lizihang.com/async/-/async-0.2.10.tgz",
      "integrity": "sha1-trvgsGdLnXGXCMo43owjfLUmw9E=",
      "dev": true
    },
    "big.js": {
      "version": "5.2.2",
      "resolved": "http://npm.lizihang.com/big.js/-/big.js-5.2.2.tgz",
      "integrity": "sha1-ZfCvOC9Xi83HQr2cKB6cstd2gyg=",
      "dev": true
    },
    "bluebird": {
      "version": "2.11.0",
      "resolved": "http://npm.lizihang.com/bluebird/-/bluebird-2.11.0.tgz",
      "integrity": "sha1-U0uQM8AiyVecVro7Plpcqvu2UOE=",
      "dev": true
    },
    "blueimp-tmpl": {
      "version": "2.5.7",
      "resolved": "http://npm.lizihang.com/blueimp-tmpl/-/blueimp-tmpl-2.5.7.tgz",
      "integrity": "sha1-M/sSwTnWVRKuQK+9ji3vjZ25ZJA=",
      "dev": true
    },
    "camel-case": {
      "version": "1.2.2",
      "resolved": "http://npm.lizihang.com/camel-case/-/camel-case-1.2.2.tgz",
      "integrity": "sha1-Gsp8TRlTWaLOmVV5NDPG5VQlEfI=",
      "dev": true,
      "requires": {
        "sentence-case": "^1.1.1",
        "upper-case": "^1.1.1"
      }
    },
    "camelcase": {
      "version": "1.2.1",
      "resolved": "http://npm.lizihang.com/camelcase/-/camelcase-1.2.1.tgz",
      "integrity": "sha1-m7UwTS4LVmmLLHWLCKPqqdqlijk=",
      "dev": true
    },
    "change-case": {
      "version": "2.3.1",
      "resolved": "http://npm.lizihang.com/change-case/-/change-case-2.3.1.tgz",
      "integrity": "sha1-LE/ePwY7tB0AzWjg1aCdthy+iU8=",
      "dev": true,
      "requires": {
        "camel-case": "^1.1.1",
        "constant-case": "^1.1.0",
        "dot-case": "^1.1.0",
        "is-lower-case": "^1.1.0",
        "is-upper-case": "^1.1.0",
        "lower-case": "^1.1.1",
        "lower-case-first": "^1.0.0",
        "param-case": "^1.1.0",
        "pascal-case": "^1.1.0",
        "path-case": "^1.1.0",
        "sentence-case": "^1.1.1",
        "snake-case": "^1.1.0",
        "swap-case": "^1.1.0",
        "title-case": "^1.1.0",
        "upper-case": "^1.1.1",
        "upper-case-first": "^1.1.0"
      }
    },
    "clean-css": {
      "version": "3.1.9",
      "resolved": "http://npm.lizihang.com/clean-css/-/clean-css-3.1.9.tgz",
      "integrity": "sha1-29BaFIvklDuzfOBnnmdsvJ9YAmY=",
      "dev": true,
      "requires": {
        "commander": "2.6.x",
        "source-map": ">=0.1.43 <0.2"
      }
    },
    "cli": {
      "version": "0.6.6",
      "resolved": "http://npm.lizihang.com/cli/-/cli-0.6.6.tgz",
      "integrity": "sha1-Aq1Eo4Cr8nraxebwzdewQ9dMU+M=",
      "dev": true,
      "requires": {
        "exit": "0.1.2",
        "glob": "~ 3.2.1"
      }
    },
    "commander": {
      "version": "2.6.0",
      "resolved": "http://npm.lizihang.com/commander/-/commander-2.6.0.tgz",
      "integrity": "sha1-nfflL7Kgyw+4kFjugMMQQiXzfh0=",
      "dev": true
    },
    "concat-stream": {
      "version": "1.4.11",
      "resolved": "http://npm.lizihang.com/concat-stream/-/concat-stream-1.4.11.tgz",
      "integrity": "sha1-Hcn2ZvJiHanGGLHn+POy/3C1928=",
      "dev": true,
      "requires": {
        "inherits": "~2.0.1",
        "readable-stream": "~1.1.9",
        "typedarray": "~0.0.5"
      }
    },
    "constant-case": {
      "version": "1.1.2",
      "resolved": "http://npm.lizihang.com/constant-case/-/constant-case-1.1.2.tgz",
      "integrity": "sha1-jsLKW6ND4Aqjjb9OIA/VrJB+/WM=",
      "dev": true,
      "requires": {
        "snake-case": "^1.1.0",
        "upper-case": "^1.1.1"
      }
    },
    "core-util-is": {
      "version": "1.0.2",
      "resolved": "http://npm.lizihang.com/core-util-is/-/core-util-is-1.0.2.tgz",
      "integrity": "sha1-tf1UIgqivFq1eqtxQMlAdUUDwac=",
      "dev": true
    },
    "decamelize": {
      "version": "1.2.0",
      "resolved": "http://npm.lizihang.com/decamelize/-/decamelize-1.2.0.tgz",
      "integrity": "sha1-9lNNFRSCabIDUue+4m9QH5oZEpA=",
      "dev": true
    },
    "dot-case": {
      "version": "1.1.2",
      "resolved": "http://npm.lizihang.com/dot-case/-/dot-case-1.1.2.tgz",
      "integrity": "sha1-HnOCaQDeKNbeVIC8HeMdCEKwa+w=",
      "dev": true,
      "requires": {
        "sentence-case": "^1.1.2"
      }
    },
    "emojis-list": {
      "version": "2.1.0",
      "resolved": "http://npm.lizihang.com/emojis-list/-/emojis-list-2.1.0.tgz",
      "integrity": "sha1-TapNnbAPmBmIDHn6RXrlsJof04k=",
      "dev": true
    },
    "exit": {
      "version": "0.1.2",
      "resolved": "http://npm.lizihang.com/exit/-/exit-0.1.2.tgz",
      "integrity": "sha1-BjJjj42HfMghB9MKD/8aF8uhzQw=",
      "dev": true
    },
    "glob": {
      "version": "3.2.11",
      "resolved": "http://npm.lizihang.com/glob/-/glob-3.2.11.tgz",
      "integrity": "sha1-Spc/Y1uRkPcV0QmH1cAP0oFevj0=",
      "dev": true,
      "requires": {
        "inherits": "2",
        "minimatch": "0.3"
      }
    },
    "html-minifier": {
      "version": "0.7.2",
      "resolved": "http://npm.lizihang.com/html-minifier/-/html-minifier-0.7.2.tgz",
      "integrity": "sha1-K3lZsQUaSB5xzXxuWaZCcq+JXP0=",
      "dev": true,
      "requires": {
        "change-case": "2.3.x",
        "clean-css": "3.1.x",
        "cli": "0.6.x",
        "concat-stream": "1.4.x",
        "relateurl": "0.2.x",
        "uglify-js": "2.4.x"
      }
    },
    "imports-loader": {
      "version": "0.8.0",
      "resolved": "http://npm.lizihang.com/imports-loader/-/imports-loader-0.8.0.tgz",
      "integrity": "sha1-Aw6lG4ygWXfECjq/2bQIj+C+mmk=",
      "dev": true,
      "requires": {
        "loader-utils": "^1.0.2",
        "source-map": "^0.6.1"
      },
      "dependencies": {
        "source-map": {
          "version": "0.6.1",
          "resolved": "http://npm.lizihang.com/source-map/-/source-map-0.6.1.tgz",
          "integrity": "sha1-dHIq8y6WFOnCh6jQu95IteLxomM=",
          "dev": true
        }
      }
    },
    "inherits": {
      "version": "2.0.4",
      "resolved": "http://npm.lizihang.com/inherits/-/inherits-2.0.4.tgz",
      "integrity": "sha1-D6LGT5MpF8NDOg3tVTY6rjdBa3w=",
      "dev": true
    },
    "is-lower-case": {
      "version": "1.1.3",
      "resolved": "http://npm.lizihang.com/is-lower-case/-/is-lower-case-1.1.3.tgz",
      "integrity": "sha1-fhR75HaNxGbbO/shzGCzHmrWk5M=",
      "dev": true,
      "requires": {
        "lower-case": "^1.1.0"
      }
    },
    "is-upper-case": {
      "version": "1.1.2",
      "resolved": "http://npm.lizihang.com/is-upper-case/-/is-upper-case-1.1.2.tgz",
      "integrity": "sha1-jQsfp+eTOh5YSDYA7H2WYcuvdW8=",
      "dev": true,
      "requires": {
        "upper-case": "^1.1.0"
      }
    },
    "isarray": {
      "version": "0.0.1",
      "resolved": "http://npm.lizihang.com/isarray/-/isarray-0.0.1.tgz",
      "integrity": "sha1-ihis/Kmo9Bd+Cav8YDiTmwXR7t8=",
      "dev": true
    },
    "json5": {
      "version": "1.0.1",
      "resolved": "http://npm.lizihang.com/json5/-/json5-1.0.1.tgz",
      "integrity": "sha1-d5+wAYYE+oVOrL9iUhgNg1Q+Pb4=",
      "dev": true,
      "requires": {
        "minimist": "^1.2.0"
      }
    },
    "loader-utils": {
      "version": "1.2.3",
      "resolved": "http://npm.lizihang.com/loader-utils/-/loader-utils-1.2.3.tgz",
      "integrity": "sha1-H/XcaRHJ8KBiUxpMBLYJQGEIwsc=",
      "dev": true,
      "requires": {
        "big.js": "^5.2.2",
        "emojis-list": "^2.0.0",
        "json5": "^1.0.1"
      }
    },
    "lodash": {
      "version": "3.10.1",
      "resolved": "http://npm.lizihang.com/lodash/-/lodash-3.10.1.tgz",
      "integrity": "sha1-W/Rejkm6QYnhfUgnid/RW9FAt7Y=",
      "dev": true
    },
    "lower-case": {
      "version": "1.1.4",
      "resolved": "http://npm.lizihang.com/lower-case/-/lower-case-1.1.4.tgz",
      "integrity": "sha1-miyr0bno4K6ZOkv31YdcOcQujqw=",
      "dev": true
    },
    "lower-case-first": {
      "version": "1.0.2",
      "resolved": "http://npm.lizihang.com/lower-case-first/-/lower-case-first-1.0.2.tgz",
      "integrity": "sha1-5dp8JvKacHO+AtUrrJmA5ZIq36E=",
      "dev": true,
      "requires": {
        "lower-case": "^1.1.2"
      }
    },
    "lru-cache": {
      "version": "2.7.3",
      "resolved": "http://npm.lizihang.com/lru-cache/-/lru-cache-2.7.3.tgz",
      "integrity": "sha1-bUUk6LlV+V1PW1iFHOId1y+06VI=",
      "dev": true
    },
    "minimatch": {
      "version": "0.3.0",
      "resolved": "http://npm.lizihang.com/minimatch/-/minimatch-0.3.0.tgz",
      "integrity": "sha1-J12O2qxPG7MyZHIInnlJyDlGmd0=",
      "dev": true,
      "requires": {
        "lru-cache": "2",
        "sigmund": "~1.0.0"
      }
    },
    "minimist": {
      "version": "1.2.0",
      "resolved": "http://npm.lizihang.com/minimist/-/minimist-1.2.0.tgz",
      "integrity": "sha1-o1AIsg9BOD7sH7kU9M1d95omQoQ=",
      "dev": true
    },
    "param-case": {
      "version": "1.1.2",
      "resolved": "http://npm.lizihang.com/param-case/-/param-case-1.1.2.tgz",
      "integrity": "sha1-3LCRpDwlm5Io8cNB57akTqC/l0M=",
      "dev": true,
      "requires": {
        "sentence-case": "^1.1.2"
      }
    },
    "pascal-case": {
      "version": "1.1.2",
      "resolved": "http://npm.lizihang.com/pascal-case/-/pascal-case-1.1.2.tgz",
      "integrity": "sha1-Pl1kogBDgwp8STRMLXS0G+DJyZs=",
      "dev": true,
      "requires": {
        "camel-case": "^1.1.1",
        "upper-case-first": "^1.1.0"
      }
    },
    "path-case": {
      "version": "1.1.2",
      "resolved": "http://npm.lizihang.com/path-case/-/path-case-1.1.2.tgz",
      "integrity": "sha1-UM5roNO+090LXCqcRVNpdDRAlRQ=",
      "dev": true,
      "requires": {
        "sentence-case": "^1.1.2"
      }
    },
    "readable-stream": {
      "version": "1.1.14",
      "resolved": "http://npm.lizihang.com/readable-stream/-/readable-stream-1.1.14.tgz",
      "integrity": "sha1-fPTFTvZI44EwhMY23SB54WbAgdk=",
      "dev": true,
      "requires": {
        "core-util-is": "~1.0.0",
        "inherits": "~2.0.1",
        "isarray": "0.0.1",
        "string_decoder": "~0.10.x"
      }
    },
    "relateurl": {
      "version": "0.2.7",
      "resolved": "http://npm.lizihang.com/relateurl/-/relateurl-0.2.7.tgz",
      "integrity": "sha1-VNvzd+UUQKypCkzSdGANP/LYiKk=",
      "dev": true
    },
    "sentence-case": {
      "version": "1.1.3",
      "resolved": "http://npm.lizihang.com/sentence-case/-/sentence-case-1.1.3.tgz",
      "integrity": "sha1-gDSq/CFFdy06vhUJqkLJ4QQtwTk=",
      "dev": true,
      "requires": {
        "lower-case": "^1.1.1"
      }
    },
    "sigmund": {
      "version": "1.0.1",
      "resolved": "http://npm.lizihang.com/sigmund/-/sigmund-1.0.1.tgz",
      "integrity": "sha1-P/IfGYytIXX587eBhT/ZTQ0ZtZA=",
      "dev": true
    },
    "snake-case": {
      "version": "1.1.2",
      "resolved": "http://npm.lizihang.com/snake-case/-/snake-case-1.1.2.tgz",
      "integrity": "sha1-DC8l4wUVjZoY09l3BmGH/vilpmo=",
      "dev": true,
      "requires": {
        "sentence-case": "^1.1.2"
      }
    },
    "source-map": {
      "version": "0.1.43",
      "resolved": "http://npm.lizihang.com/source-map/-/source-map-0.1.43.tgz",
      "integrity": "sha1-wkvBRspRfBRx9drL4lcbK3+eM0Y=",
      "dev": true,
      "requires": {
        "amdefine": ">=0.0.4"
      }
    },
    "string_decoder": {
      "version": "0.10.31",
      "resolved": "http://npm.lizihang.com/string_decoder/-/string_decoder-0.10.31.tgz",
      "integrity": "sha1-YuIDvEF2bGwoyfyEMB2rHFMQ+pQ=",
      "dev": true
    },
    "swap-case": {
      "version": "1.1.2",
      "resolved": "http://npm.lizihang.com/swap-case/-/swap-case-1.1.2.tgz",
      "integrity": "sha1-w5IDpFhzhfrTyFCgvRvK+ggZdOM=",
      "dev": true,
      "requires": {
        "lower-case": "^1.1.1",
        "upper-case": "^1.1.1"
      }
    },
    "title-case": {
      "version": "1.1.2",
      "resolved": "http://npm.lizihang.com/title-case/-/title-case-1.1.2.tgz",
      "integrity": "sha1-+uSmrlRr+iLQg6DuqRCkDRLtT1o=",
      "dev": true,
      "requires": {
        "sentence-case": "^1.1.1",
        "upper-case": "^1.0.3"
      }
    },
    "typedarray": {
      "version": "0.0.6",
      "resolved": "http://npm.lizihang.com/typedarray/-/typedarray-0.0.6.tgz",
      "integrity": "sha1-hnrHTjhkGHsdPUfZlqeOxciDB3c=",
      "dev": true
    },
    "uglify-js": {
      "version": "2.4.24",
      "resolved": "http://npm.lizihang.com/uglify-js/-/uglify-js-2.4.24.tgz",
      "integrity": "sha1-+tV1XB4Vd2WLsG/5q25UjJW+vW4=",
      "dev": true,
      "requires": {
        "async": "~0.2.6",
        "source-map": "0.1.34",
        "uglify-to-browserify": "~1.0.0",
        "yargs": "~3.5.4"
      },
      "dependencies": {
        "source-map": {
          "version": "0.1.34",
          "resolved": "http://npm.lizihang.com/source-map/-/source-map-0.1.34.tgz",
          "integrity": "sha1-p8/omux7FoLDsZjQrPtH19CQVms=",
          "dev": true,
          "requires": {
            "amdefine": ">=0.0.4"
          }
        }
      }
    },
    "uglify-to-browserify": {
      "version": "1.0.2",
      "resolved": "http://npm.lizihang.com/uglify-to-browserify/-/uglify-to-browserify-1.0.2.tgz",
      "integrity": "sha1-bgkk1r2mta/jSeOabWMoUKD4grc=",
      "dev": true
    },
    "upper-case": {
      "version": "1.1.3",
      "resolved": "http://npm.lizihang.com/upper-case/-/upper-case-1.1.3.tgz",
      "integrity": "sha1-9rRQHC7EzdJrp4vnIilh3ndiFZg=",
      "dev": true
    },
    "upper-case-first": {
      "version": "1.1.2",
      "resolved": "http://npm.lizihang.com/upper-case-first/-/upper-case-first-1.1.2.tgz",
      "integrity": "sha1-XXm+3P8UQZUY/S7bCgUHybaFkRU=",
      "dev": true,
      "requires": {
        "upper-case": "^1.1.1"
      }
    },
    "webpack-html-plugin": {
      "version": "0.1.1",
      "resolved": "http://npm.lizihang.com/webpack-html-plugin/-/webpack-html-plugin-0.1.1.tgz",
      "integrity": "sha1-ndEG1X3BxgO/TGoFI/20jozCT8I=",
      "dev": true,
      "requires": {
        "bluebird": "^2.9.34",
        "blueimp-tmpl": "^2.5.4",
        "html-minifier": "^0.7.2",
        "lodash": "^3.10.0"
      }
    },
    "window-size": {
      "version": "0.1.0",
      "resolved": "http://npm.lizihang.com/window-size/-/window-size-0.1.0.tgz",
      "integrity": "sha1-VDjNLqk7IC76Ohn+iIeu58lPnJ0=",
      "dev": true
    },
    "wordwrap": {
      "version": "0.0.2",
      "resolved": "http://npm.lizihang.com/wordwrap/-/wordwrap-0.0.2.tgz",
      "integrity": "sha1-t5Zpu0LstAn4PVg8rVLKF+qhZD8=",
      "dev": true
    },
    "yargs": {
      "version": "3.5.4",
      "resolved": "http://npm.lizihang.com/yargs/-/yargs-3.5.4.tgz",
      "integrity": "sha1-2K/49mXpTDS9JZvevRv68N3TU2E=",
      "dev": true,
      "requires": {
        "camelcase": "^1.0.2",
        "decamelize": "^1.0.0",
        "window-size": "0.1.0",
        "wordwrap": "0.0.2"
      }
    }
  }
}
